
Microsoft Visual Studio Solution File, Format Version 12.00
# Visual Studio 15
VisualStudioVersion = 15.0.27703.2042
MinimumVisualStudioVersion = 10.0.40219.1
Project("{FAE04EC0-301F-11D3-BF4B-00C04F79EFBC}") = "CS_3280_Group_Assignment", "CS_3280_Group_Assignment\CS_3280_Group_Assignment.csproj", "{14326CAB-3E2C-453A-B276-6ECEF528BBF4}"
EndProject
Global
	GlobalSection(SolutionConfigurationPlatforms) = preSolution
		Debug|Any CPU = Debug|Any CPU
		Release|Any CPU = Release|Any CPU
	EndGlobalSection
	GlobalSection(ProjectConfigurationPlatforms) = postSolution
		{14326CAB-3E2C-453A-B276-6ECEF528BBF4}.Debug|Any CPU.ActiveCfg = Debug|Any CPU
		{14326CAB-3E2C-453A-B276-6ECEF528BBF4}.Debug|Any CPU.Build.0 = Debug|Any CPU
		{14326CAB-3E2C-453A-B276-6ECEF528BBF4}.Release|Any CPU.ActiveCfg = Release|Any CPU
		{14326CAB-3E2C-453A-B276-6ECEF528BBF4}.Release|Any CPU.Build.0 = Release|Any CPU
	EndGlobalSection
	GlobalSection(SolutionProperties) = preSolution
		HideSolutionNode = FALSE
	EndGlobalSection
	GlobalSection(ExtensibilityGlobals) = postSolution
		SolutionGuid = {962D0D54-99D7-4B3F-A8E6-AFA72AFE1E4B}
	EndGlobalSection
EndGlobal
